// !$*UTF8*$!
{
	archiveVersion = 1;
	classes = {
	};
	objectVersion = 50;
	objects = {

/* Begin PBXBuildFile section */
		6A41592B275DC7890038D60C /* AppDelegate.swift in Sources */ = {isa = PBXBuildFile; fileRef = 6A41592A275DC7890038D60C /* AppDelegate.swift */; };
		6A41592D275DC7890038D60C /* SceneDelegate.swift in Sources */ = {isa = PBXBuildFile; fileRef = 6A41592C275DC7890038D60C /* SceneDelegate.swift */; };
		6A415932275DC7890038D60C /* Main.storyboard in Resources */ = {isa = PBXBuildFile; fileRef = 6A415930275DC7890038D60C /* Main.storyboard */; };
		6A415934275DC78A0038D60C /* Assets.xcassets in Resources */ = {isa = PBXBuildFile; fileRef = 6A415933275DC78A0038D60C /* Assets.xcassets */; };
		6A415937275DC78A0038D60C /* LaunchScreen.storyboard in Resources */ = {isa = PBXBuildFile; fileRef = 6A415935275DC78A0038D60C /* LaunchScreen.storyboard */; };
		6A415940275DCB010038D60C /* FishHelper.swift in Sources */ = {isa = PBXBuildFile; fileRef = 6A41593F275DCB010038D60C /* FishHelper.swift */; };
		6A415942275DCB110038D60C /* FishDecode.swift in Sources */ = {isa = PBXBuildFile; fileRef = 6A415941275DCB110038D60C /* FishDecode.swift */; };
		6A415944275DCC450038D60C /* FishVC.swift in Sources */ = {isa = PBXBuildFile; fileRef = 6A415943275DCC450038D60C /* FishVC.swift */; };
		6A41594A275DD8AB0038D60C /* FishCell.swift in Sources */ = {isa = PBXBuildFile; fileRef = 6A415949275DD8AB0038D60C /* FishCell.swift */; };
		6A41594C275DD8B90038D60C /* FishTVC.swift in Sources */ = {isa = PBXBuildFile; fileRef = 6A41594B275DD8B90038D60C /* FishTVC.swift */; };
		6A41594E275DE0290038D60C /* SwiftJSON.swift in Sources */ = {isa = PBXBuildFile; fileRef = 6A41594D275DE0290038D60C /* SwiftJSON.swift */; };
		6A415951275DE0AC0038D60C /* Fish.swift in Sources */ = {isa = PBXBuildFile; fileRef = 6A415950275DE0AC0038D60C /* Fish.swift */; };
		6A415955275DEB020038D60C /* FishInfo.swift in Sources */ = {isa = PBXBuildFile; fileRef = 6A415954275DEB020038D60C /* FishInfo.swift */; };
		6A732CF6275FE6E0004E398E /* Constant.swift in Sources */ = {isa = PBXBuildFile; fileRef = 6A732CF5275FE6E0004E398E /* Constant.swift */; };
		6AC0DB7A275E8F9E00FF97B8 /* ImageHelper.swift in Sources */ = {isa = PBXBuildFile; fileRef = 6AC0DB79275E8F9E00FF97B8 /* ImageHelper.swift */; };
		6AC0DB7C275E900700FF97B8 /* Utils.swift in Sources */ = {isa = PBXBuildFile; fileRef = 6AC0DB7B275E900700FF97B8 /* Utils.swift */; };
		6AC0DB7F275EA9FF00FF97B8 /* WebViewVC.swift in Sources */ = {isa = PBXBuildFile; fileRef = 6AC0DB7E275EA9FF00FF97B8 /* WebViewVC.swift */; };
		6AC0DB82275EB2B800FF97B8 /* Left2RightSegue.swift in Sources */ = {isa = PBXBuildFile; fileRef = 6AC0DB81275EB2B800FF97B8 /* Left2RightSegue.swift */; };
		6AC0DB84275EB2C300FF97B8 /* Right2LeftSegue.swift in Sources */ = {isa = PBXBuildFile; fileRef = 6AC0DB83275EB2C300FF97B8 /* Right2LeftSegue.swift */; };
		6AC0DB86275EB2D600FF97B8 /* Bottom2Top.swift in Sources */ = {isa = PBXBuildFile; fileRef = 6AC0DB85275EB2D600FF97B8 /* Bottom2Top.swift */; };
		6AC0DB89275EB4C400FF97B8 /* FishingVC.swift in Sources */ = {isa = PBXBuildFile; fileRef = 6AC0DB88275EB4C400FF97B8 /* FishingVC.swift */; };
		6AC0DB8B275EB72E00FF97B8 /* FisheriesRegion.swift in Sources */ = {isa = PBXBuildFile; fileRef = 6AC0DB8A275EB72E00FF97B8 /* FisheriesRegion.swift */; };
		6AC0DB90275F21A100FF97B8 /* CookingVC.swift in Sources */ = {isa = PBXBuildFile; fileRef = 6AC0DB8F275F21A100FF97B8 /* CookingVC.swift */; };
		6AC0DB93275F21D700FF97B8 /* HomeVC.swift in Sources */ = {isa = PBXBuildFile; fileRef = 6AC0DB92275F21D700FF97B8 /* HomeVC.swift */; };
/* End PBXBuildFile section */

/* Begin PBXFileReference section */
		6A415927275DC7890038D60C /* FishApp.app */ = {isa = PBXFileReference; explicitFileType = wrapper.application; includeInIndex = 0; path = FishApp.app; sourceTree = BUILT_PRODUCTS_DIR; };
		6A41592A275DC7890038D60C /* AppDelegate.swift */ = {isa = PBXFileReference; lastKnownFileType = sourcecode.swift; path = AppDelegate.swift; sourceTree = "<group>"; };
		6A41592C275DC7890038D60C /* SceneDelegate.swift */ = {isa = PBXFileReference; lastKnownFileType = sourcecode.swift; path = SceneDelegate.swift; sourceTree = "<group>"; };
		6A415931275DC7890038D60C /* Base */ = {isa = PBXFileReference; lastKnownFileType = file.storyboard; name = Base; path = Base.lproj/Main.storyboard; sourceTree = "<group>"; };
		6A415933275DC78A0038D60C /* Assets.xcassets */ = {isa = PBXFileReference; lastKnownFileType = folder.assetcatalog; path = Assets.xcassets; sourceTree = "<group>"; };
		6A415936275DC78A0038D60C /* Base */ = {isa = PBXFileReference; lastKnownFileType = file.storyboard; name = Base; path = Base.lproj/LaunchScreen.storyboard; sourceTree = "<group>"; };
		6A415938275DC78A0038D60C /* Info.plist */ = {isa = PBXFileReference; lastKnownFileType = text.plist.xml; path = Info.plist; sourceTree = "<group>"; };
		6A41593F275DCB010038D60C /* FishHelper.swift */ = {isa = PBXFileReference; lastKnownFileType = sourcecode.swift; path = FishHelper.swift; sourceTree = "<group>"; };
		6A415941275DCB110038D60C /* FishDecode.swift */ = {isa = PBXFileReference; lastKnownFileType = sourcecode.swift; path = FishDecode.swift; sourceTree = "<group>"; };
		6A415943275DCC450038D60C /* FishVC.swift */ = {isa = PBXFileReference; lastKnownFileType = sourcecode.swift; path = FishVC.swift; sourceTree = "<group>"; };
		6A415949275DD8AB0038D60C /* FishCell.swift */ = {isa = PBXFileReference; lastKnownFileType = sourcecode.swift; path = FishCell.swift; sourceTree = "<group>"; };
		6A41594B275DD8B90038D60C /* FishTVC.swift */ = {isa = PBXFileReference; lastKnownFileType = sourcecode.swift; path = FishTVC.swift; sourceTree = "<group>"; };
		6A41594D275DE0290038D60C /* SwiftJSON.swift */ = {isa = PBXFileReference; lastKnownFileType = sourcecode.swift; path = SwiftJSON.swift; sourceTree = "<group>"; };
		6A415950275DE0AC0038D60C /* Fish.swift */ = {isa = PBXFileReference; lastKnownFileType = sourcecode.swift; path = Fish.swift; sourceTree = "<group>"; };
		6A415954275DEB020038D60C /* FishInfo.swift */ = {isa = PBXFileReference; lastKnownFileType = sourcecode.swift; path = FishInfo.swift; sourceTree = "<group>"; };
		6A732CF5275FE6E0004E398E /* Constant.swift */ = {isa = PBXFileReference; lastKnownFileType = sourcecode.swift; path = Constant.swift; sourceTree = "<group>"; };
		6AC0DB79275E8F9E00FF97B8 /* ImageHelper.swift */ = {isa = PBXFileReference; lastKnownFileType = sourcecode.swift; path = ImageHelper.swift; sourceTree = "<group>"; };
		6AC0DB7B275E900700FF97B8 /* Utils.swift */ = {isa = PBXFileReference; lastKnownFileType = sourcecode.swift; path = Utils.swift; sourceTree = "<group>"; };
		6AC0DB7E275EA9FF00FF97B8 /* WebViewVC.swift */ = {isa = PBXFileReference; lastKnownFileType = sourcecode.swift; path = WebViewVC.swift; sourceTree = "<group>"; };
		6AC0DB81275EB2B800FF97B8 /* Left2RightSegue.swift */ = {isa = PBXFileReference; lastKnownFileType = sourcecode.swift; path = Left2RightSegue.swift; sourceTree = "<group>"; };
		6AC0DB83275EB2C300FF97B8 /* Right2LeftSegue.swift */ = {isa = PBXFileReference; lastKnownFileType = sourcecode.swift; path = Right2LeftSegue.swift; sourceTree = "<group>"; };
		6AC0DB85275EB2D600FF97B8 /* Bottom2Top.swift */ = {isa = PBXFileReference; lastKnownFileType = sourcecode.swift; path = Bottom2Top.swift; sourceTree = "<group>"; };
		6AC0DB88275EB4C400FF97B8 /* FishingVC.swift */ = {isa = PBXFileReference; lastKnownFileType = sourcecode.swift; path = FishingVC.swift; sourceTree = "<group>"; };
		6AC0DB8A275EB72E00FF97B8 /* FisheriesRegion.swift */ = {isa = PBXFileReference; lastKnownFileType = sourcecode.swift; path = FisheriesRegion.swift; sourceTree = "<group>"; };
		6AC0DB8F275F21A100FF97B8 /* CookingVC.swift */ = {isa = PBXFileReference; lastKnownFileType = sourcecode.swift; path = CookingVC.swift; sourceTree = "<group>"; };
		6AC0DB92275F21D700FF97B8 /* HomeVC.swift */ = {isa = PBXFileReference; lastKnownFileType = sourcecode.swift; path = HomeVC.swift; sourceTree = "<group>"; };
/* End PBXFileReference section */

/* Begin PBXFrameworksBuildPhase section */
		6A415924275DC7890038D60C /* Frameworks */ = {
			isa = PBXFrameworksBuildPhase;
			buildActionMask = 2147483647;
			files = (
			);
			runOnlyForDeploymentPostprocessing = 0;
		};
/* End PBXFrameworksBuildPhase section */

/* Begin PBXGroup section */
		6A41591E275DC7890038D60C = {
			isa = PBXGroup;
			children = (
				6A415929275DC7890038D60C /* FishApp */,
				6A415928275DC7890038D60C /* Products */,
			);
			sourceTree = "<group>";
		};
		6A415928275DC7890038D60C /* Products */ = {
			isa = PBXGroup;
			children = (
				6A415927275DC7890038D60C /* FishApp.app */,
			);
			name = Products;
			sourceTree = "<group>";
		};
		6A415929275DC7890038D60C /* FishApp */ = {
			isa = PBXGroup;
			children = (
				6AC0DB91275F21C300FF97B8 /* Home */,
				6AC0DB8E275F218200FF97B8 /* CookFish */,
				6AC0DB87275EB36D00FF97B8 /* GoFishing */,
				6AC0DB80275EB2A800FF97B8 /* Segues */,
				6A41594F275DE04E0038D60C /* Model */,
				6A415948275DD80B0038D60C /* Fish List */,
				6A415947275DCC780038D60C /* Favorite Fish */,
				6A415946275DCC6C0038D60C /* Web View */,
				6A415945275DCC570038D60C /* Setting */,
				6A41593E275DCAE00038D60C /* FishAPI */,
				6A41592A275DC7890038D60C /* AppDelegate.swift */,
				6A41592C275DC7890038D60C /* SceneDelegate.swift */,
				6A415930275DC7890038D60C /* Main.storyboard */,
				6A415933275DC78A0038D60C /* Assets.xcassets */,
				6A415935275DC78A0038D60C /* LaunchScreen.storyboard */,
				6A415938275DC78A0038D60C /* Info.plist */,
				6A41594D275DE0290038D60C /* SwiftJSON.swift */,
			);
			path = FishApp;
			sourceTree = "<group>";
		};
		6A41593E275DCAE00038D60C /* FishAPI */ = {
			isa = PBXGroup;
			children = (
				6A41593F275DCB010038D60C /* FishHelper.swift */,
				6A415941275DCB110038D60C /* FishDecode.swift */,
				6A415943275DCC450038D60C /* FishVC.swift */,
			);
			path = FishAPI;
			sourceTree = "<group>";
		};
		6A415945275DCC570038D60C /* Setting */ = {
			isa = PBXGroup;
			children = (
				6A732CF5275FE6E0004E398E /* Constant.swift */,
			);
			path = Setting;
			sourceTree = "<group>";
		};
		6A415946275DCC6C0038D60C /* Web View */ = {
			isa = PBXGroup;
			children = (
				6AC0DB7E275EA9FF00FF97B8 /* WebViewVC.swift */,
			);
			path = "Web View";
			sourceTree = "<group>";
		};
		6A415947275DCC780038D60C /* Favorite Fish */ = {
			isa = PBXGroup;
			children = (
			);
			path = "Favorite Fish";
			sourceTree = "<group>";
		};
		6A415948275DD80B0038D60C /* Fish List */ = {
			isa = PBXGroup;
			children = (
				6A415949275DD8AB0038D60C /* FishCell.swift */,
				6A41594B275DD8B90038D60C /* FishTVC.swift */,
				6AC0DB79275E8F9E00FF97B8 /* ImageHelper.swift */,
				6AC0DB7B275E900700FF97B8 /* Utils.swift */,
			);
			path = "Fish List";
			sourceTree = "<group>";
		};
		6A41594F275DE04E0038D60C /* Model */ = {
			isa = PBXGroup;
			children = (
				6AC0DB8A275EB72E00FF97B8 /* FisheriesRegion.swift */,
				6A415950275DE0AC0038D60C /* Fish.swift */,
				6A415954275DEB020038D60C /* FishInfo.swift */,
			);
			path = Model;
			sourceTree = "<group>";
		};
		6AC0DB80275EB2A800FF97B8 /* Segues */ = {
			isa = PBXGroup;
			children = (
				6AC0DB81275EB2B800FF97B8 /* Left2RightSegue.swift */,
				6AC0DB83275EB2C300FF97B8 /* Right2LeftSegue.swift */,
				6AC0DB85275EB2D600FF97B8 /* Bottom2Top.swift */,
			);
			path = Segues;
			sourceTree = "<group>";
		};
		6AC0DB87275EB36D00FF97B8 /* GoFishing */ = {
			isa = PBXGroup;
			children = (
				6AC0DB88275EB4C400FF97B8 /* FishingVC.swift */,
			);
			path = GoFishing;
			sourceTree = "<group>";
		};
		6AC0DB8E275F218200FF97B8 /* CookFish */ = {
			isa = PBXGroup;
			children = (
				6AC0DB8F275F21A100FF97B8 /* CookingVC.swift */,
			);
			path = CookFish;
			sourceTree = "<group>";
		};
		6AC0DB91275F21C300FF97B8 /* Home */ = {
			isa = PBXGroup;
			children = (
				6AC0DB92275F21D700FF97B8 /* HomeVC.swift */,
			);
			path = Home;
			sourceTree = "<group>";
		};
/* End PBXGroup section */

/* Begin PBXNativeTarget section */
		6A415926275DC7890038D60C /* FishApp */ = {
			isa = PBXNativeTarget;
			buildConfigurationList = 6A41593B275DC78A0038D60C /* Build configuration list for PBXNativeTarget "FishApp" */;
			buildPhases = (
				6A415923275DC7890038D60C /* Sources */,
				6A415924275DC7890038D60C /* Frameworks */,
				6A415925275DC7890038D60C /* Resources */,
			);
			buildRules = (
			);
			dependencies = (
			);
			name = FishApp;
			productName = FishApp;
			productReference = 6A415927275DC7890038D60C /* FishApp.app */;
			productType = "com.apple.product-type.application";
		};
/* End PBXNativeTarget section */

/* Begin PBXProject section */
		6A41591F275DC7890038D60C /* Project object */ = {
			isa = PBXProject;
			attributes = {
				LastSwiftUpdateCheck = 1250;
				LastUpgradeCheck = 1250;
				TargetAttributes = {
					6A415926275DC7890038D60C = {
						CreatedOnToolsVersion = 12.5.1;
					};
				};
			};
			buildConfigurationList = 6A415922275DC7890038D60C /* Build configuration list for PBXProject "FishApp" */;
			compatibilityVersion = "Xcode 9.3";
			developmentRegion = en;
			hasScannedForEncodings = 0;
			knownRegions = (
				en,
				Base,
			);
			mainGroup = 6A41591E275DC7890038D60C;
			productRefGroup = 6A415928275DC7890038D60C /* Products */;
			projectDirPath = "";
			projectRoot = "";
			targets = (
				6A415926275DC7890038D60C /* FishApp */,
			);
		};
/* End PBXProject section */

/* Begin PBXResourcesBuildPhase section */
		6A415925275DC7890038D60C /* Resources */ = {
			isa = PBXResourcesBuildPhase;
			buildActionMask = 2147483647;
			files = (
				6A415937275DC78A0038D60C /* LaunchScreen.storyboard in Resources */,
				6A415934275DC78A0038D60C /* Assets.xcassets in Resources */,
				6A415932275DC7890038D60C /* Main.storyboard in Resources */,
			);
			runOnlyForDeploymentPostprocessing = 0;
		};
/* End PBXResourcesBuildPhase section */

/* Begin PBXSourcesBuildPhase section */
		6A415923275DC7890038D60C /* Sources */ = {
			isa = PBXSourcesBuildPhase;
			buildActionMask = 2147483647;
			files = (
				6AC0DB89275EB4C400FF97B8 /* FishingVC.swift in Sources */,
				6AC0DB93275F21D700FF97B8 /* HomeVC.swift in Sources */,
				6A415944275DCC450038D60C /* FishVC.swift in Sources */,
				6A415942275DCB110038D60C /* FishDecode.swift in Sources */,
				6A415940275DCB010038D60C /* FishHelper.swift in Sources */,
				6AC0DB84275EB2C300FF97B8 /* Right2LeftSegue.swift in Sources */,
				6A41594E275DE0290038D60C /* SwiftJSON.swift in Sources */,
				6A415951275DE0AC0038D60C /* Fish.swift in Sources */,
				6A41592B275DC7890038D60C /* AppDelegate.swift in Sources */,
				6AC0DB90275F21A100FF97B8 /* CookingVC.swift in Sources */,
				6AC0DB86275EB2D600FF97B8 /* Bottom2Top.swift in Sources */,
				6A41592D275DC7890038D60C /* SceneDelegate.swift in Sources */,
				6A41594A275DD8AB0038D60C /* FishCell.swift in Sources */,
				6A41594C275DD8B90038D60C /* FishTVC.swift in Sources */,
				6A732CF6275FE6E0004E398E /* Constant.swift in Sources */,
				6A415955275DEB020038D60C /* FishInfo.swift in Sources */,
				6AC0DB7A275E8F9E00FF97B8 /* ImageHelper.swift in Sources */,
				6AC0DB8B275EB72E00FF97B8 /* FisheriesRegion.swift in Sources */,
				6AC0DB7F275EA9FF00FF97B8 /* WebViewVC.swift in Sources */,
				6AC0DB82275EB2B800FF97B8 /* Left2RightSegue.swift in Sources */,
				6AC0DB7C275E900700FF97B8 /* Utils.swift in Sources */,
			);
			runOnlyForDeploymentPostprocessing = 0;
		};
/* End PBXSourcesBuildPhase section */

/* Begin PBXVariantGroup section */
		6A415930275DC7890038D60C /* Main.storyboard */ = {
			isa = PBXVariantGroup;
			children = (
				6A415931275DC7890038D60C /* Base */,
			);
			name = Main.storyboard;
			sourceTree = "<group>";
		};
		6A415935275DC78A0038D60C /* LaunchScreen.storyboard */ = {
			isa = PBXVariantGroup;
			children = (
				6A415936275DC78A0038D60C /* Base */,
			);
			name = LaunchScreen.storyboard;
			sourceTree = "<group>";
		};
/* End PBXVariantGroup section */

/* Begin XCBuildConfiguration section */
		6A415939275DC78A0038D60C /* Debug */ = {
			isa = XCBuildConfiguration;
			buildSettings = {
				ALWAYS_SEARCH_USER_PATHS = NO;
				CLANG_ANALYZER_NONNULL = YES;
				CLANG_ANALYZER_NUMBER_OBJECT_CONVERSION = YES_AGGRESSIVE;
				CLANG_CXX_LANGUAGE_STANDARD = "gnu++14";
				CLANG_CXX_LIBRARY = "libc++";
				CLANG_ENABLE_MODULES = YES;
				CLANG_ENABLE_OBJC_ARC = YES;
				CLANG_ENABLE_OBJC_WEAK = YES;
				CLANG_WARN_BLOCK_CAPTURE_AUTORELEASING = YES;
				CLANG_WARN_BOOL_CONVERSION = YES;
				CLANG_WARN_COMMA = YES;
				CLANG_WARN_CONSTANT_CONVERSION = YES;
				CLANG_WARN_DEPRECATED_OBJC_IMPLEMENTATIONS = YES;
				CLANG_WARN_DIRECT_OBJC_ISA_USAGE = YES_ERROR;
				CLANG_WARN_DOCUMENTATION_COMMENTS = YES;
				CLANG_WARN_EMPTY_BODY = YES;
				CLANG_WARN_ENUM_CONVERSION = YES;
				CLANG_WARN_INFINITE_RECURSION = YES;
				CLANG_WARN_INT_CONVERSION = YES;
				CLANG_WARN_NON_LITERAL_NULL_CONVERSION = YES;
				CLANG_WARN_OBJC_IMPLICIT_RETAIN_SELF = YES;
				CLANG_WARN_OBJC_LITERAL_CONVERSION = YES;
				CLANG_WARN_OBJC_ROOT_CLASS = YES_ERROR;
				CLANG_WARN_QUOTED_INCLUDE_IN_FRAMEWORK_HEADER = YES;
				CLANG_WARN_RANGE_LOOP_ANALYSIS = YES;
				CLANG_WARN_STRICT_PROTOTYPES = YES;
				CLANG_WARN_SUSPICIOUS_MOVE = YES;
				CLANG_WARN_UNGUARDED_AVAILABILITY = YES_AGGRESSIVE;
				CLANG_WARN_UNREACHABLE_CODE = YES;
				CLANG_WARN__DUPLICATE_METHOD_MATCH = YES;
				COPY_PHASE_STRIP = NO;
				DEBUG_INFORMATION_FORMAT = dwarf;
				ENABLE_STRICT_OBJC_MSGSEND = YES;
				ENABLE_TESTABILITY = YES;
				GCC_C_LANGUAGE_STANDARD = gnu11;
				GCC_DYNAMIC_NO_PIC = NO;
				GCC_NO_COMMON_BLOCKS = YES;
				GCC_OPTIMIZATION_LEVEL = 0;
				GCC_PREPROCESSOR_DEFINITIONS = (
					"DEBUG=1",
					"$(inherited)",
				);
				GCC_WARN_64_TO_32_BIT_CONVERSION = YES;
				GCC_WARN_ABOUT_RETURN_TYPE = YES_ERROR;
				GCC_WARN_UNDECLARED_SELECTOR = YES;
				GCC_WARN_UNINITIALIZED_AUTOS = YES_AGGRESSIVE;
				GCC_WARN_UNUSED_FUNCTION = YES;
				GCC_WARN_UNUSED_VARIABLE = YES;
				IPHONEOS_DEPLOYMENT_TARGET = 14.5;
				MTL_ENABLE_DEBUG_INFO = INCLUDE_SOURCE;
				MTL_FAST_MATH = YES;
				ONLY_ACTIVE_ARCH = YES;
				SDKROOT = iphoneos;
				SWIFT_ACTIVE_COMPILATION_CONDITIONS = DEBUG;
				SWIFT_OPTIMIZATION_LEVEL = "-Onone";
			};
			name = Debug;
		};
		6A41593A275DC78A0038D60C /* Release */ = {
			isa = XCBuildConfiguration;
			buildSettings = {
				ALWAYS_SEARCH_USER_PATHS = NO;
				CLANG_ANALYZER_NONNULL = YES;
				CLANG_ANALYZER_NUMBER_OBJECT_CONVERSION = YES_AGGRESSIVE;
				CLANG_CXX_LANGUAGE_STANDARD = "gnu++14";
				CLANG_CXX_LIBRARY = "libc++";
				CLANG_ENABLE_MODULES = YES;
				CLANG_ENABLE_OBJC_ARC = YES;
				CLANG_ENABLE_OBJC_WEAK = YES;
				CLANG_WARN_BLOCK_CAPTURE_AUTORELEASING = YES;
				CLANG_WARN_BOOL_CONVERSION = YES;
				CLANG_WARN_COMMA = YES;
				CLANG_WARN_CONSTANT_CONVERSION = YES;
				CLANG_WARN_DEPRECATED_OBJC_IMPLEMENTATIONS = YES;
				CLANG_WARN_DIRECT_OBJC_ISA_USAGE = YES_ERROR;
				CLANG_WARN_DOCUMENTATION_COMMENTS = YES;
				CLANG_WARN_EMPTY_BODY = YES;
				CLANG_WARN_ENUM_CONVERSION = YES;
				CLANG_WARN_INFINITE_RECURSION = YES;
				CLANG_WARN_INT_CONVERSION = YES;
				CLANG_WARN_NON_LITERAL_NULL_CONVERSION = YES;
				CLANG_WARN_OBJC_IMPLICIT_RETAIN_SELF = YES;
				CLANG_WARN_OBJC_LITERAL_CONVERSION = YES;
				CLANG_WARN_OBJC_ROOT_CLASS = YES_ERROR;
				CLANG_WARN_QUOTED_INCLUDE_IN_FRAMEWORK_HEADER = YES;
				CLANG_WARN_RANGE_LOOP_ANALYSIS = YES;
				CLANG_WARN_STRICT_PROTOTYPES = YES;
				CLANG_WARN_SUSPICIOUS_MOVE = YES;
				CLANG_WARN_UNGUARDED_AVAILABILITY = YES_AGGRESSIVE;
				CLANG_WARN_UNREACHABLE_CODE = YES;
				CLANG_WARN__DUPLICATE_METHOD_MATCH = YES;
				COPY_PHASE_STRIP = NO;
				DEBUG_INFORMATION_FORMAT = "dwarf-with-dsym";
				ENABLE_NS_ASSERTIONS = NO;
				ENABLE_STRICT_OBJC_MSGSEND = YES;
				GCC_C_LANGUAGE_STANDARD = gnu11;
				GCC_NO_COMMON_BLOCKS = YES;
				GCC_WARN_64_TO_32_BIT_CONVERSION = YES;
				GCC_WARN_ABOUT_RETURN_TYPE = YES_ERROR;
				GCC_WARN_UNDECLARED_SELECTOR = YES;
				GCC_WARN_UNINITIALIZED_AUTOS = YES_AGGRESSIVE;
				GCC_WARN_UNUSED_FUNCTION = YES;
				GCC_WARN_UNUSED_VARIABLE = YES;
				IPHONEOS_DEPLOYMENT_TARGET = 14.5;
				MTL_ENABLE_DEBUG_INFO = NO;
				MTL_FAST_MATH = YES;
				SDKROOT = iphoneos;
				SWIFT_COMPILATION_MODE = wholemodule;
				SWIFT_OPTIMIZATION_LEVEL = "-O";
				VALIDATE_PRODUCT = YES;
			};
			name = Release;
		};
		6A41593C275DC78A0038D60C /* Debug */ = {
			isa = XCBuildConfiguration;
			buildSettings = {
				ASSETCATALOG_COMPILER_APPICON_NAME = AppIcon;
				ASSETCATALOG_COMPILER_GLOBAL_ACCENT_COLOR_NAME = AccentColor;
				CODE_SIGN_STYLE = Automatic;
				DEVELOPMENT_TEAM = HGRW8LJPL6;
				INFOPLIST_FILE = FishApp/Info.plist;
				LD_RUNPATH_SEARCH_PATHS = (
					"$(inherited)",
					"@executable_path/Frameworks",
				);
				PRODUCT_BUNDLE_IDENTIFIER = com.mzheng9.FishApp;
				PRODUCT_NAME = "$(TARGET_NAME)";
				SWIFT_VERSION = 5.0;
				TARGETED_DEVICE_FAMILY = "1,2";
			};
			name = Debug;
		};
		6A41593D275DC78A0038D60C /* Release */ = {
			isa = XCBuildConfiguration;
			buildSettings = {
				ASSETCATALOG_COMPILER_APPICON_NAME = AppIcon;
				ASSETCATALOG_COMPILER_GLOBAL_ACCENT_COLOR_NAME = AccentColor;
				CODE_SIGN_STYLE = Automatic;
				DEVELOPMENT_TEAM = HGRW8LJPL6;
				INFOPLIST_FILE = FishApp/Info.plist;
				LD_RUNPATH_SEARCH_PATHS = (
					"$(inherited)",
					"@executable_path/Frameworks",
				);
				PRODUCT_BUNDLE_IDENTIFIER = com.mzheng9.FishApp;
				PRODUCT_NAME = "$(TARGET_NAME)";
				SWIFT_VERSION = 5.0;
				TARGETED_DEVICE_FAMILY = "1,2";
			};
			name = Release;
		};
/* End XCBuildConfiguration section */

/* Begin XCConfigurationList section */
		6A415922275DC7890038D60C /* Build configuration list for PBXProject "FishApp" */ = {
			isa = XCConfigurationList;
			buildConfigurations = (
				6A415939275DC78A0038D60C /* Debug */,
				6A41593A275DC78A0038D60C /* Release */,
			);
			defaultConfigurationIsVisible = 0;
			defaultConfigurationName = Release;
		};
		6A41593B275DC78A0038D60C /* Build configuration list for PBXNativeTarget "FishApp" */ = {
			isa = XCConfigurationList;
			buildConfigurations = (
				6A41593C275DC78A0038D60C /* Debug */,
				6A41593D275DC78A0038D60C /* Release */,
			);
			defaultConfigurationIsVisible = 0;
			defaultConfigurationName = Release;
		};
/* End XCConfigurationList section */
	};
	rootObject = 6A41591F275DC7890038D60C /* Project object */;
}
